<?xml version="1.0" encoding="utf-8"?>
<Project ToolsVersion="4.0" xmlns="http://schemas.microsoft.com/developer/msbuild/2003">
  <ItemGroup>
    <Filter Include="Quelldateien">
      <UniqueIdentifier>{4FC737F1-C7A5-4376-A066-2A32D752A2FF}</UniqueIdentifier>
      <Extensions>cpp;c;cc;cxx;def;odl;idl;hpj;bat;asm;asmx</Extensions>
    </Filter>
    <Filter Include="Headerdateien">
      <UniqueIdentifier>{93995380-89BD-4b04-88EB-625FBE52EBFB}</UniqueIdentifier>
      <Extensions>h;hh;hpp;hxx;hm;inl;inc;ipp;xsd</Extensions>
    </Filter>
    <Filter Include="Ressourcendateien">
      <UniqueIdentifier>{67DA6AB6-F800-4c08-8B7A-83BB121AAD01}</UniqueIdentifier>
      <Extensions>rc;ico;cur;bmp;dlg;rc2;rct;bin;rgs;gif;jpg;jpeg;jpe;resx;tiff;tif;png;wav;mfcribbon-ms</Extensions>
    </Filter>
  </ItemGroup>
  <ItemGroup>
    <ClCompile Include="main.cpp">
      <Filter>Quelldateien</Filter>
    </ClCompile>
    <ClCompile Include="map.cpp">
      <Filter>Quelldateien</Filter>
    </ClCompile>
    <ClCompile Include="menu.cpp">
      <Filter>Quelldateien</Filter>
    </ClCompile>
    <ClCompile Include="country.cpp">
      <Filter>Quelldateien</Filter>
    </ClCompile>
    <ClCompile Include="continent.cpp">
      <Filter>Quelldateien</Filter>
    </ClCompile>
    <ClCompile Include="figure.cpp">
      <Filter>Quelldateien</Filter>
    </ClCompile>
    <ClCompile Include="amount.cpp">
      <Filter>Quelldateien</Filter>
    </ClCompile>
    <ClCompile Include="player.cpp">
      <Filter>Quelldateien</Filter>
    </ClCompile>
    <ClCompile Include="confirm.cpp">
      <Filter>Quelldateien</Filter>
    </ClCompile>
    <ClCompile Include="connection.cpp">
      <Filter>Quelldateien</Filter>
    </ClCompile>
    <ClCompile Include="warning.cpp">
      <Filter>Quelldateien</Filter>
    </ClCompile>
    <ClCompile Include="continentboard.cpp">
      <Filter>Quelldateien</Filter>
    </ClCompile>
    <ClCompile Include="card.cpp">
      <Filter>Quelldateien</Filter>
    </ClCompile>
    <ClCompile Include="figureBoard.cpp">
      <Filter>Quelldateien</Filter>
    </ClCompile>
    <ClCompile Include="missionBoard.cpp">
      <Filter>Quelldateien</Filter>
    </ClCompile>
    <ClCompile Include="mission.cpp">
      <Filter>Quelldateien</Filter>
    </ClCompile>
    <ClCompile Include="endScreen.cpp">
      <Filter>Quelldateien</Filter>
    </ClCompile>
    <ClCompile Include="menuBottomBar.cpp">
      <Filter>Quelldateien</Filter>
    </ClCompile>
    <ClCompile Include="menuTopBar.cpp">
      <Filter>Quelldateien</Filter>
    </ClCompile>
    <ClCompile Include="gameMenu.cpp">
      <Filter>Quelldateien</Filter>
    </ClCompile>
    <ClCompile Include="chat.cpp">
      <Filter>Quelldateien</Filter>
    </ClCompile>
    <ClCompile Include="clientLobby.cpp">
      <Filter>Quelldateien</Filter>
    </ClCompile>
    <ClCompile Include="commandPrompt.cpp">
      <Filter>Quelldateien</Filter>
    </ClCompile>
    <ClCompile Include="hostGame.cpp">
      <Filter>Quelldateien</Filter>
    </ClCompile>
    <ClCompile Include="mainLobby.cpp">
      <Filter>Quelldateien</Filter>
    </ClCompile>
    <ClCompile Include="localGame.cpp">
      <Filter>Quelldateien</Filter>
    </ClCompile>
    <ClCompile Include="clientGame.cpp">
      <Filter>Quelldateien</Filter>
    </ClCompile>
    <ClCompile Include="game.cpp">
      <Filter>Quelldateien</Filter>
    </ClCompile>
    <ClCompile Include="rollTheDice.cpp">
      <Filter>Quelldateien</Filter>
    </ClCompile>
    <ClCompile Include="explosion.cpp">
      <Filter>Quelldateien</Filter>
    </ClCompile>
    <ClCompile Include="help.cpp">
      <Filter>Quelldateien</Filter>
    </ClCompile>
  </ItemGroup>
  <ItemGroup>
    <ClInclude Include="map.h">
      <Filter>Headerdateien</Filter>
    </ClInclude>
    <ClInclude Include="menu.h">
      <Filter>Headerdateien</Filter>
    </ClInclude>
    <ClInclude Include="country.h">
      <Filter>Headerdateien</Filter>
    </ClInclude>
    <ClInclude Include="continent.h">
      <Filter>Headerdateien</Filter>
    </ClInclude>
    <ClInclude Include="figure.h">
      <Filter>Headerdateien</Filter>
    </ClInclude>
    <ClInclude Include="amount.h">
      <Filter>Headerdateien</Filter>
    </ClInclude>
    <ClInclude Include="player.h">
      <Filter>Headerdateien</Filter>
    </ClInclude>
    <ClInclude Include="confirm.h">
      <Filter>Headerdateien</Filter>
    </ClInclude>
    <ClInclude Include="connection.h">
      <Filter>Headerdateien</Filter>
    </ClInclude>
    <ClInclude Include="warning.h">
      <Filter>Headerdateien</Filter>
    </ClInclude>
    <ClInclude Include="continentboard.h">
      <Filter>Headerdateien</Filter>
    </ClInclude>
    <ClInclude Include="card.h">
      <Filter>Headerdateien</Filter>
    </ClInclude>
    <ClInclude Include="game.h">
      <Filter>Headerdateien</Filter>
    </ClInclude>
    <ClInclude Include="figureBoard.h">
      <Filter>Headerdateien</Filter>
    </ClInclude>
    <ClInclude Include="missionBoard.h">
      <Filter>Headerdateien</Filter>
    </ClInclude>
    <ClInclude Include="mission.h">
      <Filter>Headerdateien</Filter>
    </ClInclude>
    <ClInclude Include="endScreen.h">
      <Filter>Headerdateien</Filter>
    </ClInclude>
    <ClInclude Include="lobby.h">
      <Filter>Headerdateien</Filter>
    </ClInclude>
    <ClInclude Include="menuBottomBar.h">
      <Filter>Headerdateien</Filter>
    </ClInclude>
    <ClInclude Include="menuTopBar.h">
      <Filter>Headerdateien</Filter>
    </ClInclude>
    <ClInclude Include="gameMenu.h">
      <Filter>Headerdateien</Filter>
    </ClInclude>
    <ClInclude Include="chat.h">
      <Filter>Headerdateien</Filter>
    </ClInclude>
    <ClInclude Include="clientLobby.h">
      <Filter>Headerdateien</Filter>
    </ClInclude>
    <ClInclude Include="commandPrompt.h">
      <Filter>Headerdateien</Filter>
    </ClInclude>
    <ClInclude Include="hostGame.h">
      <Filter>Headerdateien</Filter>
    </ClInclude>
    <ClInclude Include="mainLobby.h">
      <Filter>Headerdateien</Filter>
    </ClInclude>
    <ClInclude Include="localGame.h">
      <Filter>Headerdateien</Filter>
    </ClInclude>
    <ClInclude Include="clientGame.h">
      <Filter>Headerdateien</Filter>
    </ClInclude>
    <ClInclude Include="rollTheDice.h">
      <Filter>Headerdateien</Filter>
    </ClInclude>
    <ClInclude Include="explosion.h">
      <Filter>Headerdateien</Filter>
    </ClInclude>
    <ClInclude Include="help.h">
      <Filter>Headerdateien</Filter>
    </ClInclude>
  </ItemGroup>
</Project>